deedles.dev/wl v0.0.0-20221220055526-edaf5c1b0c19 h1:NEPB3I40WTyiYb6WJtQc/4F6lb+S38QdFB/zZb7WKZ0=
deedles.dev/wl v0.0.0-20221220055526-edaf5c1b0c19/go.mod h1:cAO9ADU+v+R6Ca78I/aBbsUtIS7zZE/f66OnBkKXqkY=
deedles.dev/xsync v0.0.0-20221219183131-92cf20a6a77d h1:nNahmcjZOPXtLnCXVHMlWOmrqL7yiuXXUUO+4b1kcQ4=
deedles.dev/xsync v0.0.0-20221219183131-92cf20a6a77d/go.mod h1:wsmuit2ps+u+6DLp6cIzQ6v9bP9/WasjyX3ygqM/3UY=
golang.org/x/exp v0.0.0-20221217163422-3c43f8badb15 h1:5oN1Pz/eDhCpbMbLstvIPa0b/BEQo6g6nwV3pLjfM6w=
golang.org/x/exp v0.0.0-20221217163422-3c43f8badb15/go.mod h1:CxIveKay+FTh1D0yPZemJVgC/95VzuuOLq5Qi4xnoYc=
golang.org/x/sys v0.3.0 h1:w8ZOecv6NaNa/zC8944JTU3vz4u6Lagfk4RPQxv92NQ=
golang.org/x/sys v0.3.0/go.mod h1:oPkhp1MJrh7nUepCBck5+mAzfO9JrbApNNgaTdGDITg=
