deedles.dev/wl v0.0.0-20221225005557-3f64e0215359 h1:OfV57UMqVETRJt2ctsySWHWwokhA7kZXLQzR3wiulq4=
deedles.dev/wl v0.0.0-20221225005557-3f64e0215359/go.mod h1:p7mztAZy8XQzRr1QnlsG/3hXQDZVhhr0HvrEQOej6GU=
deedles.dev/xsync v0.0.0-20221226053333-0ae8af147f86 h1:zc8zw/28BhpL4dCQ9GN3Esh3FaSWDGnWbqxG6JMCBC0=
deedles.dev/xsync v0.0.0-20221226053333-0ae8af147f86/go.mod h1:wsmuit2ps+u+6DLp6cIzQ6v9bP9/WasjyX3ygqM/3UY=
golang.org/x/exp v0.0.0-20221217163422-3c43f8badb15 h1:5oN1Pz/eDhCpbMbLstvIPa0b/BEQo6g6nwV3pLjfM6w=
golang.org/x/exp v0.0.0-20221217163422-3c43f8badb15/go.mod h1:CxIveKay+FTh1D0yPZemJVgC/95VzuuOLq5Qi4xnoYc=
golang.org/x/sys v0.3.0 h1:w8ZOecv6NaNa/zC8944JTU3vz4u6Lagfk4RPQxv92NQ=
golang.org/x/sys v0.3.0/go.mod h1:oPkhp1MJrh7nUepCBck5+mAzfO9JrbApNNgaTdGDITg=
